
Microsoft Visual Studio Solution File, Format Version 12.00
# Visual Studio Version 16
VisualStudioVersion = 16.0.29709.97
MinimumVisualStudioVersion = 10.0.40219.1
Project("{FAE04EC0-301F-11D3-BF4B-00C04F79EFBC}") = "DiagonalDifferences", "DiagonalDifferences\DiagonalDifferences.csproj", "{963990D1-8338-42F2-B0F6-BEEDA8010A1C}"
EndProject
Global
	GlobalSection(SolutionConfigurationPlatforms) = preSolution
		Debug|Any CPU = Debug|Any CPU
		Release|Any CPU = Release|Any CPU
	EndGlobalSection
	GlobalSection(ProjectConfigurationPlatforms) = postSolution
		{963990D1-8338-42F2-B0F6-BEEDA8010A1C}.Debug|Any CPU.ActiveCfg = Debug|Any CPU
		{963990D1-8338-42F2-B0F6-BEEDA8010A1C}.Debug|Any CPU.Build.0 = Debug|Any CPU
		{963990D1-8338-42F2-B0F6-BEEDA8010A1C}.Release|Any CPU.ActiveCfg = Release|Any CPU
		{963990D1-8338-42F2-B0F6-BEEDA8010A1C}.Release|Any CPU.Build.0 = Release|Any CPU
	EndGlobalSection
	GlobalSection(SolutionProperties) = preSolution
		HideSolutionNode = FALSE
	EndGlobalSection
	GlobalSection(ExtensibilityGlobals) = postSolution
		SolutionGuid = {058AE64E-C755-40BE-A77D-347529F31DE6}
	EndGlobalSection
EndGlobal
